Microsoft Visual Studio Solution File, Format Version 12.00
# Visual Studio 2012
Project("{FAE04EC0-301F-11D3-BF4B-00C04F79EFBC}") = "Movie ab", "Movie ab.csproj", "{850AB226-151D-4DE2-AEB0-6C80EC2D6D37}"
EndProject
Global
	GlobalSection(SolutionConfigurationPlatforms) = preSolution
	Debug|Any CPU = Debug|Any CPU
	ExportDebug|Any CPU = ExportDebug|Any CPU
	ExportRelease|Any CPU = ExportRelease|Any CPU
	EndGlobalSection
	GlobalSection(ProjectConfigurationPlatforms) = postSolution
		{850AB226-151D-4DE2-AEB0-6C80EC2D6D37}.Debug|Any CPU.ActiveCfg = Debug|Any CPU
		{850AB226-151D-4DE2-AEB0-6C80EC2D6D37}.Debug|Any CPU.Build.0 = Debug|Any CPU
		{850AB226-151D-4DE2-AEB0-6C80EC2D6D37}.ExportDebug|Any CPU.ActiveCfg = ExportDebug|Any CPU
		{850AB226-151D-4DE2-AEB0-6C80EC2D6D37}.ExportDebug|Any CPU.Build.0 = ExportDebug|Any CPU
		{850AB226-151D-4DE2-AEB0-6C80EC2D6D37}.ExportRelease|Any CPU.ActiveCfg = ExportRelease|Any CPU
		{850AB226-151D-4DE2-AEB0-6C80EC2D6D37}.ExportRelease|Any CPU.Build.0 = ExportRelease|Any CPU
	EndGlobalSection
EndGlobal
